PODS:
  - Alamofire (4.7.3)
  - FDFullscreenPopGesture (1.1)
  - Kingfisher (4.10.0)
  - MJRefresh (3.1.15.7)
  - PKHUD (5.2.0)
  - SwiftyJSON (3.1.4)

DEPENDENCIES:
  - Alamofire (~> 4.0)
  - FDFullscreenPopGesture (= 1.1)
  - Kingfisher (~> 4.0)
  - MJRefresh
  - PKHUD (~> 5.0)
  - SwiftyJSON (~> 3.1.3)

SPEC REPOS:
  https://github.com/cocoapods/specs.git:
    - Alamofire
    - FDFullscreenPopGesture
    - Kingfisher
    - MJRefresh
    - PKHUD
    - SwiftyJSON

SPEC CHECKSUMS:
  Alamofire: c7287b6e5d7da964a70935e5db17046b7fde6568
  FDFullscreenPopGesture: a8a620179e3d9c40e8e00256dcee1c1a27c6d0f0
  Kingfisher: 43c4b802d8b5256cf1f4379e9cd10b329be6d3e2
  MJRefresh: 697f8ec75ebdbe9207767bb682cf0f51b0d8a41f
  PKHUD: dd5357ac65f26115c35c4a68e9b328053326c5fe
  SwiftyJSON: c2842d878f95482ffceec5709abc3d05680c0220

PODFILE CHECKSUM: 31e1dcf17b637a6aed2c36263458b4464031a665

COCOAPODS: 1.5.3
