// !$*UTF8*$!
{
	archiveVersion = 1;
	classes = {
	};
	objectVersion = 46;
	objects = {

/* Begin PBXBuildFile section */
		7FD73CFA8D837BA245457903 /* Pods_BaiSiApp.framework in Frameworks */ = {isa = PBXBuildFile; fileRef = 17963E05FF71DBF1B530016D /* Pods_BaiSiApp.framework */; };
		8C4D030A1CAE543D00C5E308 /* ASToolHelper.swift in Sources */ = {isa = PBXBuildFile; fileRef = 8C4D03091CAE543D00C5E308 /* ASToolHelper.swift */; };
		8C4D030C1CAE653200C5E308 /* ASCustomLabel.swift in Sources */ = {isa = PBXBuildFile; fileRef = 8C4D030B1CAE653200C5E308 /* ASCustomLabel.swift */; };
		8C4DD5B21CB4E26C00645380 /* ASImageModel.swift in Sources */ = {isa = PBXBuildFile; fileRef = 8C4DD5B11CB4E26C00645380 /* ASImageModel.swift */; };
		8C4DD5B41CB4E2B600645380 /* ASGifModel.swift in Sources */ = {isa = PBXBuildFile; fileRef = 8C4DD5B31CB4E2B600645380 /* ASGifModel.swift */; };
		8C4DD5B81CB4F60500645380 /* ASVideoView.swift in Sources */ = {isa = PBXBuildFile; fileRef = 8C4DD5B71CB4F60500645380 /* ASVideoView.swift */; };
		8C4DD5BA1CB4F61400645380 /* ASVideoView.xib in Resources */ = {isa = PBXBuildFile; fileRef = 8C4DD5B91CB4F61400645380 /* ASVideoView.xib */; };
		8C5AF8721CBDFAD700A45A9A /* ASImageView.xib in Resources */ = {isa = PBXBuildFile; fileRef = 8C5AF8711CBDFAD700A45A9A /* ASImageView.xib */; };
		8C5AF8741CBDFAF500A45A9A /* ASImageView.swift in Sources */ = {isa = PBXBuildFile; fileRef = 8C5AF8731CBDFAF500A45A9A /* ASImageView.swift */; };
		8C5AFA0C1CC4E2B400A45A9A /* ASMainController.swift in Sources */ = {isa = PBXBuildFile; fileRef = 8C5AFA0B1CC4E2B300A45A9A /* ASMainController.swift */; };
		8C8040EB1D6C24B600D15F8D /* ASMineTBController.swift in Sources */ = {isa = PBXBuildFile; fileRef = 8C8040EA1D6C24B600D15F8D /* ASMineTBController.swift */; };
		8C8040ED1D6C255B00D15F8D /* ASMineLoginCell.swift in Sources */ = {isa = PBXBuildFile; fileRef = 8C8040EC1D6C255B00D15F8D /* ASMineLoginCell.swift */; };
		8C8040EF1D6D4CBD00D15F8D /* ASMineTagView.swift in Sources */ = {isa = PBXBuildFile; fileRef = 8C8040EE1D6D4CBD00D15F8D /* ASMineTagView.swift */; };
		8C8040F11D6D4CCB00D15F8D /* ASMineTagView.xib in Resources */ = {isa = PBXBuildFile; fileRef = 8C8040F01D6D4CCB00D15F8D /* ASMineTagView.xib */; };
		8C8040F31D6D4FA900D15F8D /* ASMineTagCell.swift in Sources */ = {isa = PBXBuildFile; fileRef = 8C8040F21D6D4FA900D15F8D /* ASMineTagCell.swift */; };
		8C8040F81D6D739A00D15F8D /* ASMineTagsModel.swift in Sources */ = {isa = PBXBuildFile; fileRef = 8C8040F71D6D739A00D15F8D /* ASMineTagsModel.swift */; };
		8C9293C91D66DA0F00C59B85 /* ASWebController.swift in Sources */ = {isa = PBXBuildFile; fileRef = 8C9293C71D66DA0F00C59B85 /* ASWebController.swift */; };
		8C97A2531D5C7249001DAFE0 /* ASLoginController.swift in Sources */ = {isa = PBXBuildFile; fileRef = 8C97A2521D5C7249001DAFE0 /* ASLoginController.swift */; };
		8CA2C8BC1CB4A1B90074EBCB /* ASCustomHelper.swift in Sources */ = {isa = PBXBuildFile; fileRef = 8CA2C8BB1CB4A1B90074EBCB /* ASCustomHelper.swift */; };
		8CB356A71CA905BA0070BE40 /* AppDelegate.swift in Sources */ = {isa = PBXBuildFile; fileRef = 8CB356A61CA905BA0070BE40 /* AppDelegate.swift */; };
		8CB356AC1CA905BA0070BE40 /* Main.storyboard in Resources */ = {isa = PBXBuildFile; fileRef = 8CB356AA1CA905BA0070BE40 /* Main.storyboard */; };
		8CB356AE1CA905BA0070BE40 /* Images.xcassets in Resources */ = {isa = PBXBuildFile; fileRef = 8CB356AD1CA905BA0070BE40 /* Images.xcassets */; };
		8CB356B11CA905BA0070BE40 /* LaunchScreen.storyboard in Resources */ = {isa = PBXBuildFile; fileRef = 8CB356AF1CA905BA0070BE40 /* LaunchScreen.storyboard */; };
		8CB356C51CA91E920070BE40 /* Plus.storyboard in Resources */ = {isa = PBXBuildFile; fileRef = 8CB356C41CA91E920070BE40 /* Plus.storyboard */; };
		8CB356CF1CA92B020070BE40 /* ASTabBarController.swift in Sources */ = {isa = PBXBuildFile; fileRef = 8CB356CE1CA92B020070BE40 /* ASTabBarController.swift */; };
		8CB356D11CA92B220070BE40 /* ASNavigationController.swift in Sources */ = {isa = PBXBuildFile; fileRef = 8CB356D01CA92B220070BE40 /* ASNavigationController.swift */; };
		8CB356D51CAA2A8E0070BE40 /* ASPlusController.swift in Sources */ = {isa = PBXBuildFile; fileRef = 8CB356D41CAA2A8D0070BE40 /* ASPlusController.swift */; };
		8CB356D71CAA4ACF0070BE40 /* ASTBController.swift in Sources */ = {isa = PBXBuildFile; fileRef = 8CB356D61CAA4ACF0070BE40 /* ASTBController.swift */; };
		8CB356E11CAA52390070BE40 /* ASCustomNav.swift in Sources */ = {isa = PBXBuildFile; fileRef = 8CB356E01CAA52390070BE40 /* ASCustomNav.swift */; };
		8CB3574E1CAA85130070BE40 /* ASMainCell.swift in Sources */ = {isa = PBXBuildFile; fileRef = 8CB3574D1CAA85130070BE40 /* ASMainCell.swift */; };
		8CB357501CAA918E0070BE40 /* top_defauth.jpg in Resources */ = {isa = PBXBuildFile; fileRef = 8CB3574F1CAA918D0070BE40 /* top_defauth.jpg */; };
		8CD6044D1CABCFE000A350C6 /* ASNetWorkHepler.swift in Sources */ = {isa = PBXBuildFile; fileRef = 8CD6044C1CABCFE000A350C6 /* ASNetWorkHepler.swift */; };
		8CD6044F1CABD5CC00A350C6 /* ASDataHelper.swift in Sources */ = {isa = PBXBuildFile; fileRef = 8CD6044E1CABD5CC00A350C6 /* ASDataHelper.swift */; };
		8CD604511CACB4AD00A350C6 /* ASMenusModel.swift in Sources */ = {isa = PBXBuildFile; fileRef = 8CD604501CACB4AD00A350C6 /* ASMenusModel.swift */; };
		8CE16AC11D26767A00D22023 /* ASImgBrowserController.swift in Sources */ = {isa = PBXBuildFile; fileRef = 8CE16ABF1D26767A00D22023 /* ASImgBrowserController.swift */; };
		8CE16AC21D26767A00D22023 /* ASImgBrowserController.xib in Resources */ = {isa = PBXBuildFile; fileRef = 8CE16AC01D26767A00D22023 /* ASImgBrowserController.xib */; };
		8CED70941CAE192400A3155B /* ASListsModel.swift in Sources */ = {isa = PBXBuildFile; fileRef = 8CED70931CAE192400A3155B /* ASListsModel.swift */; };
		8CED70961CAE1E0B00A3155B /* ASTagsModel.swift in Sources */ = {isa = PBXBuildFile; fileRef = 8CED70951CAE1E0B00A3155B /* ASTagsModel.swift */; };
		8CED70981CAE1E4600A3155B /* ASUserModel.swift in Sources */ = {isa = PBXBuildFile; fileRef = 8CED70971CAE1E4600A3155B /* ASUserModel.swift */; };
		8CED709A1CAE1EA700A3155B /* ASVideoModel.swift in Sources */ = {isa = PBXBuildFile; fileRef = 8CED70991CAE1EA700A3155B /* ASVideoModel.swift */; };
		8CED709C1CAE3AA200A3155B /* ASCommentModel.swift in Sources */ = {isa = PBXBuildFile; fileRef = 8CED709B1CAE3AA200A3155B /* ASCommentModel.swift */; };
		8CED709E1CAE48AB00A3155B /* ASTopImagesModel.swift in Sources */ = {isa = PBXBuildFile; fileRef = 8CED709D1CAE48AB00A3155B /* ASTopImagesModel.swift */; };
/* End PBXBuildFile section */

/* Begin PBXFileReference section */
		021689F21EBB6C393EB45DA5 /* Pods-BaiSiApp.debug.xcconfig */ = {isa = PBXFileReference; includeInIndex = 1; lastKnownFileType = text.xcconfig; name = "Pods-BaiSiApp.debug.xcconfig"; path = "Pods/Target Support Files/Pods-BaiSiApp/Pods-BaiSiApp.debug.xcconfig"; sourceTree = "<group>"; };
		17963E05FF71DBF1B530016D /* Pods_BaiSiApp.framework */ = {isa = PBXFileReference; explicitFileType = wrapper.framework; includeInIndex = 0; path = Pods_BaiSiApp.framework; sourceTree = BUILT_PRODUCTS_DIR; };
		8C4D03091CAE543D00C5E308 /* ASToolHelper.swift */ = {isa = PBXFileReference; fileEncoding = 4; lastKnownFileType = sourcecode.swift; path = ASToolHelper.swift; sourceTree = "<group>"; };
		8C4D030B1CAE653200C5E308 /* ASCustomLabel.swift */ = {isa = PBXFileReference; fileEncoding = 4; lastKnownFileType = sourcecode.swift; name = ASCustomLabel.swift; path = ../Hot/ASCustomLabel.swift; sourceTree = "<group>"; };
		8C4DD5B11CB4E26C00645380 /* ASImageModel.swift */ = {isa = PBXFileReference; fileEncoding = 4; lastKnownFileType = sourcecode.swift; path = ASImageModel.swift; sourceTree = "<group>"; };
		8C4DD5B31CB4E2B600645380 /* ASGifModel.swift */ = {isa = PBXFileReference; fileEncoding = 4; lastKnownFileType = sourcecode.swift; path = ASGifModel.swift; sourceTree = "<group>"; };
		8C4DD5B71CB4F60500645380 /* ASVideoView.swift */ = {isa = PBXFileReference; fileEncoding = 4; lastKnownFileType = sourcecode.swift; path = ASVideoView.swift; sourceTree = "<group>"; };
		8C4DD5B91CB4F61400645380 /* ASVideoView.xib */ = {isa = PBXFileReference; fileEncoding = 4; lastKnownFileType = file.xib; path = ASVideoView.xib; sourceTree = "<group>"; };
		8C5AF8711CBDFAD700A45A9A /* ASImageView.xib */ = {isa = PBXFileReference; fileEncoding = 4; lastKnownFileType = file.xib; path = ASImageView.xib; sourceTree = "<group>"; };
		8C5AF8731CBDFAF500A45A9A /* ASImageView.swift */ = {isa = PBXFileReference; fileEncoding = 4; lastKnownFileType = sourcecode.swift; path = ASImageView.swift; sourceTree = "<group>"; };
		8C5AFA0B1CC4E2B300A45A9A /* ASMainController.swift */ = {isa = PBXFileReference; fileEncoding = 4; lastKnownFileType = sourcecode.swift; path = ASMainController.swift; sourceTree = "<group>"; };
		8C8040EA1D6C24B600D15F8D /* ASMineTBController.swift */ = {isa = PBXFileReference; fileEncoding = 4; lastKnownFileType = sourcecode.swift; path = ASMineTBController.swift; sourceTree = "<group>"; };
		8C8040EC1D6C255B00D15F8D /* ASMineLoginCell.swift */ = {isa = PBXFileReference; fileEncoding = 4; lastKnownFileType = sourcecode.swift; path = ASMineLoginCell.swift; sourceTree = "<group>"; };
		8C8040EE1D6D4CBD00D15F8D /* ASMineTagView.swift */ = {isa = PBXFileReference; fileEncoding = 4; lastKnownFileType = sourcecode.swift; path = ASMineTagView.swift; sourceTree = "<group>"; };
		8C8040F01D6D4CCB00D15F8D /* ASMineTagView.xib */ = {isa = PBXFileReference; fileEncoding = 4; lastKnownFileType = file.xib; path = ASMineTagView.xib; sourceTree = "<group>"; };
		8C8040F21D6D4FA900D15F8D /* ASMineTagCell.swift */ = {isa = PBXFileReference; fileEncoding = 4; lastKnownFileType = sourcecode.swift; path = ASMineTagCell.swift; sourceTree = "<group>"; };
		8C8040F71D6D739A00D15F8D /* ASMineTagsModel.swift */ = {isa = PBXFileReference; fileEncoding = 4; lastKnownFileType = sourcecode.swift; path = ASMineTagsModel.swift; sourceTree = "<group>"; };
		8C9293C71D66DA0F00C59B85 /* ASWebController.swift */ = {isa = PBXFileReference; fileEncoding = 4; lastKnownFileType = sourcecode.swift; name = ASWebController.swift; path = BaiSiApp/ASWebController.swift; sourceTree = SOURCE_ROOT; };
		8C97A2521D5C7249001DAFE0 /* ASLoginController.swift */ = {isa = PBXFileReference; fileEncoding = 4; lastKnownFileType = sourcecode.swift; path = ASLoginController.swift; sourceTree = "<group>"; };
		8CA2C8BB1CB4A1B90074EBCB /* ASCustomHelper.swift */ = {isa = PBXFileReference; fileEncoding = 4; lastKnownFileType = sourcecode.swift; path = ASCustomHelper.swift; sourceTree = "<group>"; };
		8CB356A31CA905BA0070BE40 /* BaiSiApp.app */ = {isa = PBXFileReference; explicitFileType = wrapper.application; includeInIndex = 0; path = BaiSiApp.app; sourceTree = BUILT_PRODUCTS_DIR; };
		8CB356A61CA905BA0070BE40 /* AppDelegate.swift */ = {isa = PBXFileReference; lastKnownFileType = sourcecode.swift; name = AppDelegate.swift; path = ../AppDelegate.swift; sourceTree = "<group>"; };
		8CB356AB1CA905BA0070BE40 /* Base */ = {isa = PBXFileReference; lastKnownFileType = file.storyboard; name = Base; path = Base.lproj/Main.storyboard; sourceTree = "<group>"; };
		8CB356AD1CA905BA0070BE40 /* Images.xcassets */ = {isa = PBXFileReference; lastKnownFileType = folder.assetcatalog; path = Images.xcassets; sourceTree = "<group>"; };
		8CB356B01CA905BA0070BE40 /* Base */ = {isa = PBXFileReference; lastKnownFileType = file.storyboard; name = Base; path = Base.lproj/LaunchScreen.storyboard; sourceTree = "<group>"; };
		8CB356B21CA905BA0070BE40 /* Info.plist */ = {isa = PBXFileReference; lastKnownFileType = text.plist.xml; path = Info.plist; sourceTree = "<group>"; };
		8CB356C41CA91E920070BE40 /* Plus.storyboard */ = {isa = PBXFileReference; fileEncoding = 4; lastKnownFileType = file.storyboard; path = Plus.storyboard; sourceTree = "<group>"; };
		8CB356CE1CA92B020070BE40 /* ASTabBarController.swift */ = {isa = PBXFileReference; fileEncoding = 4; lastKnownFileType = sourcecode.swift; path = ASTabBarController.swift; sourceTree = "<group>"; };
		8CB356D01CA92B220070BE40 /* ASNavigationController.swift */ = {isa = PBXFileReference; fileEncoding = 4; lastKnownFileType = sourcecode.swift; path = ASNavigationController.swift; sourceTree = "<group>"; };
		8CB356D41CAA2A8D0070BE40 /* ASPlusController.swift */ = {isa = PBXFileReference; fileEncoding = 4; lastKnownFileType = sourcecode.swift; path = ASPlusController.swift; sourceTree = "<group>"; };
		8CB356D61CAA4ACF0070BE40 /* ASTBController.swift */ = {isa = PBXFileReference; fileEncoding = 4; lastKnownFileType = sourcecode.swift; path = ASTBController.swift; sourceTree = "<group>"; };
		8CB356E01CAA52390070BE40 /* ASCustomNav.swift */ = {isa = PBXFileReference; fileEncoding = 4; lastKnownFileType = sourcecode.swift; name = ASCustomNav.swift; path = ../Hot/ASCustomNav.swift; sourceTree = "<group>"; };
		8CB3574D1CAA85130070BE40 /* ASMainCell.swift */ = {isa = PBXFileReference; fileEncoding = 4; lastKnownFileType = sourcecode.swift; path = ASMainCell.swift; sourceTree = "<group>"; };
		8CB3574F1CAA918D0070BE40 /* top_defauth.jpg */ = {isa = PBXFileReference; lastKnownFileType = image.jpeg; name = top_defauth.jpg; path = Hot/top_defauth.jpg; sourceTree = "<group>"; };
		8CD6044C1CABCFE000A350C6 /* ASNetWorkHepler.swift */ = {isa = PBXFileReference; fileEncoding = 4; lastKnownFileType = sourcecode.swift; path = ASNetWorkHepler.swift; sourceTree = "<group>"; };
		8CD6044E1CABD5CC00A350C6 /* ASDataHelper.swift */ = {isa = PBXFileReference; fileEncoding = 4; lastKnownFileType = sourcecode.swift; path = ASDataHelper.swift; sourceTree = "<group>"; };
		8CD604501CACB4AD00A350C6 /* ASMenusModel.swift */ = {isa = PBXFileReference; fileEncoding = 4; lastKnownFileType = sourcecode.swift; path = ASMenusModel.swift; sourceTree = "<group>"; };
		8CE16ABF1D26767A00D22023 /* ASImgBrowserController.swift */ = {isa = PBXFileReference; fileEncoding = 4; lastKnownFileType = sourcecode.swift; path = ASImgBrowserController.swift; sourceTree = "<group>"; };
		8CE16AC01D26767A00D22023 /* ASImgBrowserController.xib */ = {isa = PBXFileReference; fileEncoding = 4; lastKnownFileType = file.xib; path = ASImgBrowserController.xib; sourceTree = "<group>"; };
		8CED70931CAE192400A3155B /* ASListsModel.swift */ = {isa = PBXFileReference; fileEncoding = 4; lastKnownFileType = sourcecode.swift; path = ASListsModel.swift; sourceTree = "<group>"; };
		8CED70951CAE1E0B00A3155B /* ASTagsModel.swift */ = {isa = PBXFileReference; fileEncoding = 4; lastKnownFileType = sourcecode.swift; path = ASTagsModel.swift; sourceTree = "<group>"; };
		8CED70971CAE1E4600A3155B /* ASUserModel.swift */ = {isa = PBXFileReference; fileEncoding = 4; lastKnownFileType = sourcecode.swift; path = ASUserModel.swift; sourceTree = "<group>"; };
		8CED70991CAE1EA700A3155B /* ASVideoModel.swift */ = {isa = PBXFileReference; fileEncoding = 4; lastKnownFileType = sourcecode.swift; path = ASVideoModel.swift; sourceTree = "<group>"; };
		8CED709B1CAE3AA200A3155B /* ASCommentModel.swift */ = {isa = PBXFileReference; fileEncoding = 4; lastKnownFileType = sourcecode.swift; path = ASCommentModel.swift; sourceTree = "<group>"; };
		8CED709D1CAE48AB00A3155B /* ASTopImagesModel.swift */ = {isa = PBXFileReference; fileEncoding = 4; lastKnownFileType = sourcecode.swift; path = ASTopImagesModel.swift; sourceTree = "<group>"; };
		B8FBB09ED213DE8A3DCFA442 /* Pods-BaiSiApp.release.xcconfig */ = {isa = PBXFileReference; includeInIndex = 1; lastKnownFileType = text.xcconfig; name = "Pods-BaiSiApp.release.xcconfig"; path = "Pods/Target Support Files/Pods-BaiSiApp/Pods-BaiSiApp.release.xcconfig"; sourceTree = "<group>"; };
/* End PBXFileReference section */

/* Begin PBXFrameworksBuildPhase section */
		8CB356A01CA905BA0070BE40 /* Frameworks */ = {
			isa = PBXFrameworksBuildPhase;
			buildActionMask = 2147483647;
			files = (
				7FD73CFA8D837BA245457903 /* Pods_BaiSiApp.framework in Frameworks */,
			);
			runOnlyForDeploymentPostprocessing = 0;
		};
/* End PBXFrameworksBuildPhase section */

/* Begin PBXGroup section */
		8C8040F41D6D4FC600D15F8D /* Views */ = {
			isa = PBXGroup;
			children = (
				8C8040EC1D6C255B00D15F8D /* ASMineLoginCell.swift */,
				8C8040EE1D6D4CBD00D15F8D /* ASMineTagView.swift */,
				8C8040F01D6D4CCB00D15F8D /* ASMineTagView.xib */,
				8C8040F21D6D4FA900D15F8D /* ASMineTagCell.swift */,
			);
			name = Views;
			sourceTree = "<group>";
		};
		8C8040F51D6D4FD300D15F8D /* Controllers */ = {
			isa = PBXGroup;
			children = (
				8C8040EA1D6C24B600D15F8D /* ASMineTBController.swift */,
			);
			name = Controllers;
			sourceTree = "<group>";
		};
		8C8040F61D6D737400D15F8D /* Models */ = {
			isa = PBXGroup;
			children = (
				8C8040F71D6D739A00D15F8D /* ASMineTagsModel.swift */,
			);
			name = Models;
			sourceTree = "<group>";
		};
		8CB3569A1CA905BA0070BE40 = {
			isa = PBXGroup;
			children = (
				8CB356A51CA905BA0070BE40 /* BaiSiApp */,
				8CB356A41CA905BA0070BE40 /* Products */,
				D6747B4DC1696DF0D8191571 /* Pods */,
				93832C8D5C3B1EF01714E9F2 /* Frameworks */,
			);
			sourceTree = "<group>";
		};
		8CB356A41CA905BA0070BE40 /* Products */ = {
			isa = PBXGroup;
			children = (
				8CB356A31CA905BA0070BE40 /* BaiSiApp.app */,
			);
			name = Products;
			sourceTree = "<group>";
		};
		8CB356A51CA905BA0070BE40 /* BaiSiApp */ = {
			isa = PBXGroup;
			children = (
				8CD6044B1CABCF8500A350C6 /* Helper */,
				8CB356BE1CA91CB40070BE40 /* General */,
				8CB356C11CA91E5B0070BE40 /* Login */,
				8CB356C21CA91E5B0070BE40 /* Mine */,
				8CB356C31CA91E5B0070BE40 /* Plus */,
				8CB356BD1CA91CB40070BE40 /* Main */,
				8CB356C01CA91CB40070BE40 /* Vendors */,
				8CD604471CABBCA300A350C6 /* Sources */,
			);
			path = BaiSiApp;
			sourceTree = "<group>";
		};
		8CB356BD1CA91CB40070BE40 /* Main */ = {
			isa = PBXGroup;
			children = (
				8CD604481CABBD0500A350C6 /* Models */,
				8CB356D91CAA51090070BE40 /* Views */,
				8CB356D81CAA50F80070BE40 /* Controllers */,
			);
			name = Main;
			path = Hot;
			sourceTree = "<group>";
		};
		8CB356BE1CA91CB40070BE40 /* General */ = {
			isa = PBXGroup;
			children = (
				8CB356A61CA905BA0070BE40 /* AppDelegate.swift */,
				8CB356CE1CA92B020070BE40 /* ASTabBarController.swift */,
				8CB356D01CA92B220070BE40 /* ASNavigationController.swift */,
				8CB356E01CAA52390070BE40 /* ASCustomNav.swift */,
				8C4D030B1CAE653200C5E308 /* ASCustomLabel.swift */,
				8CE16ABF1D26767A00D22023 /* ASImgBrowserController.swift */,
				8CE16AC01D26767A00D22023 /* ASImgBrowserController.xib */,
				8C9293C71D66DA0F00C59B85 /* ASWebController.swift */,
			);
			name = General;
			path = Main;
			sourceTree = "<group>";
		};
		8CB356C01CA91CB40070BE40 /* Vendors */ = {
			isa = PBXGroup;
			children = (
			);
			path = Vendors;
			sourceTree = "<group>";
		};
		8CB356C11CA91E5B0070BE40 /* Login */ = {
			isa = PBXGroup;
			children = (
				8C97A2521D5C7249001DAFE0 /* ASLoginController.swift */,
			);
			path = Login;
			sourceTree = "<group>";
		};
		8CB356C21CA91E5B0070BE40 /* Mine */ = {
			isa = PBXGroup;
			children = (
				8C8040F61D6D737400D15F8D /* Models */,
				8C8040F51D6D4FD300D15F8D /* Controllers */,
				8C8040F41D6D4FC600D15F8D /* Views */,
			);
			path = Mine;
			sourceTree = "<group>";
		};
		8CB356C31CA91E5B0070BE40 /* Plus */ = {
			isa = PBXGroup;
			children = (
				8CB356C41CA91E920070BE40 /* Plus.storyboard */,
				8CB356D41CAA2A8D0070BE40 /* ASPlusController.swift */,
			);
			path = Plus;
			sourceTree = "<group>";
		};
		8CB356D81CAA50F80070BE40 /* Controllers */ = {
			isa = PBXGroup;
			children = (
				8CB356AA1CA905BA0070BE40 /* Main.storyboard */,
				8CB356D61CAA4ACF0070BE40 /* ASTBController.swift */,
				8C5AFA0B1CC4E2B300A45A9A /* ASMainController.swift */,
			);
			name = Controllers;
			sourceTree = "<group>";
		};
		8CB356D91CAA51090070BE40 /* Views */ = {
			isa = PBXGroup;
			children = (
				8CB3574D1CAA85130070BE40 /* ASMainCell.swift */,
				8C4DD5B71CB4F60500645380 /* ASVideoView.swift */,
				8C4DD5B91CB4F61400645380 /* ASVideoView.xib */,
				8C5AF8731CBDFAF500A45A9A /* ASImageView.swift */,
				8C5AF8711CBDFAD700A45A9A /* ASImageView.xib */,
			);
			name = Views;
			sourceTree = "<group>";
		};
		8CD604471CABBCA300A350C6 /* Sources */ = {
			isa = PBXGroup;
			children = (
				8CB3574F1CAA918D0070BE40 /* top_defauth.jpg */,
				8CB356B21CA905BA0070BE40 /* Info.plist */,
				8CB356AF1CA905BA0070BE40 /* LaunchScreen.storyboard */,
				8CB356AD1CA905BA0070BE40 /* Images.xcassets */,
			);
			name = Sources;
			sourceTree = "<group>";
		};
		8CD604481CABBD0500A350C6 /* Models */ = {
			isa = PBXGroup;
			children = (
				8CD604501CACB4AD00A350C6 /* ASMenusModel.swift */,
				8CED70931CAE192400A3155B /* ASListsModel.swift */,
				8CED70951CAE1E0B00A3155B /* ASTagsModel.swift */,
				8CED70971CAE1E4600A3155B /* ASUserModel.swift */,
				8CED70991CAE1EA700A3155B /* ASVideoModel.swift */,
				8CED709B1CAE3AA200A3155B /* ASCommentModel.swift */,
				8CED709D1CAE48AB00A3155B /* ASTopImagesModel.swift */,
				8C4DD5B11CB4E26C00645380 /* ASImageModel.swift */,
				8C4DD5B31CB4E2B600645380 /* ASGifModel.swift */,
			);
			name = Models;
			sourceTree = "<group>";
		};
		8CD6044B1CABCF8500A350C6 /* Helper */ = {
			isa = PBXGroup;
			children = (
				8CD6044C1CABCFE000A350C6 /* ASNetWorkHepler.swift */,
				8CD6044E1CABD5CC00A350C6 /* ASDataHelper.swift */,
				8C4D03091CAE543D00C5E308 /* ASToolHelper.swift */,
				8CA2C8BB1CB4A1B90074EBCB /* ASCustomHelper.swift */,
			);
			name = Helper;
			sourceTree = "<group>";
		};
		93832C8D5C3B1EF01714E9F2 /* Frameworks */ = {
			isa = PBXGroup;
			children = (
				17963E05FF71DBF1B530016D /* Pods_BaiSiApp.framework */,
			);
			name = Frameworks;
			sourceTree = "<group>";
		};
		D6747B4DC1696DF0D8191571 /* Pods */ = {
			isa = PBXGroup;
			children = (
				021689F21EBB6C393EB45DA5 /* Pods-BaiSiApp.debug.xcconfig */,
				B8FBB09ED213DE8A3DCFA442 /* Pods-BaiSiApp.release.xcconfig */,
			);
			name = Pods;
			sourceTree = "<group>";
		};
/* End PBXGroup section */

/* Begin PBXNativeTarget section */
		8CB356A21CA905BA0070BE40 /* BaiSiApp */ = {
			isa = PBXNativeTarget;
			buildConfigurationList = 8CB356B51CA905BA0070BE40 /* Build configuration list for PBXNativeTarget "BaiSiApp" */;
			buildPhases = (
				8B8302D976A15BEBF1D70376 /* Check Pods Manifest.lock */,
				8CB3569F1CA905BA0070BE40 /* Sources */,
				8CB356A01CA905BA0070BE40 /* Frameworks */,
				8CB356A11CA905BA0070BE40 /* Resources */,
				C035BAB4BE1A7695509009B1 /* Embed Pods Frameworks */,
				DA7A12CF9EEE79131905FEA0 /* Copy Pods Resources */,
			);
			buildRules = (
			);
			dependencies = (
			);
			name = BaiSiApp;
			productName = BaiSiApp;
			productReference = 8CB356A31CA905BA0070BE40 /* BaiSiApp.app */;
			productType = "com.apple.product-type.application";
		};
/* End PBXNativeTarget section */

/* Begin PBXProject section */
		8CB3569B1CA905BA0070BE40 /* Project object */ = {
			isa = PBXProject;
			attributes = {
				LastSwiftUpdateCheck = 0730;
				LastUpgradeCheck = 0730;
				ORGANIZATIONNAME = "Ashen<http://www.devashen.com>";
				TargetAttributes = {
					8CB356A21CA905BA0070BE40 = {
						CreatedOnToolsVersion = 7.3;
						DevelopmentTeam = 353VG9J352;
						LastSwiftMigration = 0800;
					};
				};
			};
			buildConfigurationList = 8CB3569E1CA905BA0070BE40 /* Build configuration list for PBXProject "BaiSiApp" */;
			compatibilityVersion = "Xcode 3.2";
			developmentRegion = English;
			hasScannedForEncodings = 0;
			knownRegions = (
				Base,
			);
			mainGroup = 8CB3569A1CA905BA0070BE40;
			productRefGroup = 8CB356A41CA905BA0070BE40 /* Products */;
			projectDirPath = "";
			projectRoot = "";
			targets = (
				8CB356A21CA905BA0070BE40 /* BaiSiApp */,
			);
		};
/* End PBXProject section */

/* Begin PBXResourcesBuildPhase section */
		8CB356A11CA905BA0070BE40 /* Resources */ = {
			isa = PBXResourcesBuildPhase;
			buildActionMask = 2147483647;
			files = (
				8CB356B11CA905BA0070BE40 /* LaunchScreen.storyboard in Resources */,
				8CB356AE1CA905BA0070BE40 /* Images.xcassets in Resources */,
				8C5AF8721CBDFAD700A45A9A /* ASImageView.xib in Resources */,
				8C4DD5BA1CB4F61400645380 /* ASVideoView.xib in Resources */,
				8C8040F11D6D4CCB00D15F8D /* ASMineTagView.xib in Resources */,
				8CE16AC21D26767A00D22023 /* ASImgBrowserController.xib in Resources */,
				8CB356C51CA91E920070BE40 /* Plus.storyboard in Resources */,
				8CB356AC1CA905BA0070BE40 /* Main.storyboard in Resources */,
				8CB357501CAA918E0070BE40 /* top_defauth.jpg in Resources */,
			);
			runOnlyForDeploymentPostprocessing = 0;
		};
/* End PBXResourcesBuildPhase section */

/* Begin PBXShellScriptBuildPhase section */
		8B8302D976A15BEBF1D70376 /* Check Pods Manifest.lock */ = {
			isa = PBXShellScriptBuildPhase;
			buildActionMask = 2147483647;
			files = (
			);
			inputPaths = (
			);
			name = "Check Pods Manifest.lock";
			outputPaths = (
			);
			runOnlyForDeploymentPostprocessing = 0;
			shellPath = /bin/sh;
			shellScript = "diff \"${PODS_ROOT}/../Podfile.lock\" \"${PODS_ROOT}/Manifest.lock\" > /dev/null\nif [[ $? != 0 ]] ; then\n    cat << EOM\nerror: The sandbox is not in sync with the Podfile.lock. Run 'pod install' or update your CocoaPods installation.\nEOM\n    exit 1\nfi\n";
			showEnvVarsInLog = 0;
		};
		C035BAB4BE1A7695509009B1 /* Embed Pods Frameworks */ = {
			isa = PBXShellScriptBuildPhase;
			buildActionMask = 2147483647;
			files = (
			);
			inputPaths = (
			);
			name = "Embed Pods Frameworks";
			outputPaths = (
			);
			runOnlyForDeploymentPostprocessing = 0;
			shellPath = /bin/sh;
			shellScript = "\"${SRCROOT}/Pods/Target Support Files/Pods-BaiSiApp/Pods-BaiSiApp-frameworks.sh\"\n";
			showEnvVarsInLog = 0;
		};
		DA7A12CF9EEE79131905FEA0 /* Copy Pods Resources */ = {
			isa = PBXShellScriptBuildPhase;
			buildActionMask = 2147483647;
			files = (
			);
			inputPaths = (
			);
			name = "Copy Pods Resources";
			outputPaths = (
			);
			runOnlyForDeploymentPostprocessing = 0;
			shellPath = /bin/sh;
			shellScript = "\"${SRCROOT}/Pods/Target Support Files/Pods-BaiSiApp/Pods-BaiSiApp-resources.sh\"\n";
			showEnvVarsInLog = 0;
		};
/* End PBXShellScriptBuildPhase section */

/* Begin PBXSourcesBuildPhase section */
		8CB3569F1CA905BA0070BE40 /* Sources */ = {
			isa = PBXSourcesBuildPhase;
			buildActionMask = 2147483647;
			files = (
				8CED70941CAE192400A3155B /* ASListsModel.swift in Sources */,
				8C4DD5B41CB4E2B600645380 /* ASGifModel.swift in Sources */,
				8C8040F31D6D4FA900D15F8D /* ASMineTagCell.swift in Sources */,
				8C4D030C1CAE653200C5E308 /* ASCustomLabel.swift in Sources */,
				8CE16AC11D26767A00D22023 /* ASImgBrowserController.swift in Sources */,
				8CB356D71CAA4ACF0070BE40 /* ASTBController.swift in Sources */,
				8CB356A71CA905BA0070BE40 /* AppDelegate.swift in Sources */,
				8C4D030A1CAE543D00C5E308 /* ASToolHelper.swift in Sources */,
				8C5AFA0C1CC4E2B400A45A9A /* ASMainController.swift in Sources */,
				8CB356D51CAA2A8E0070BE40 /* ASPlusController.swift in Sources */,
				8C8040ED1D6C255B00D15F8D /* ASMineLoginCell.swift in Sources */,
				8CED709C1CAE3AA200A3155B /* ASCommentModel.swift in Sources */,
				8CED70961CAE1E0B00A3155B /* ASTagsModel.swift in Sources */,
				8C8040F81D6D739A00D15F8D /* ASMineTagsModel.swift in Sources */,
				8CB3574E1CAA85130070BE40 /* ASMainCell.swift in Sources */,
				8CED70981CAE1E4600A3155B /* ASUserModel.swift in Sources */,
				8C97A2531D5C7249001DAFE0 /* ASLoginController.swift in Sources */,
				8CD6044F1CABD5CC00A350C6 /* ASDataHelper.swift in Sources */,
				8C8040EF1D6D4CBD00D15F8D /* ASMineTagView.swift in Sources */,
				8C4DD5B81CB4F60500645380 /* ASVideoView.swift in Sources */,
				8CED709E1CAE48AB00A3155B /* ASTopImagesModel.swift in Sources */,
				8CD6044D1CABCFE000A350C6 /* ASNetWorkHepler.swift in Sources */,
				8C8040EB1D6C24B600D15F8D /* ASMineTBController.swift in Sources */,
				8C4DD5B21CB4E26C00645380 /* ASImageModel.swift in Sources */,
				8CB356CF1CA92B020070BE40 /* ASTabBarController.swift in Sources */,
				8CB356E11CAA52390070BE40 /* ASCustomNav.swift in Sources */,
				8C9293C91D66DA0F00C59B85 /* ASWebController.swift in Sources */,
				8C5AF8741CBDFAF500A45A9A /* ASImageView.swift in Sources */,
				8CD604511CACB4AD00A350C6 /* ASMenusModel.swift in Sources */,
				8CB356D11CA92B220070BE40 /* ASNavigationController.swift in Sources */,
				8CA2C8BC1CB4A1B90074EBCB /* ASCustomHelper.swift in Sources */,
				8CED709A1CAE1EA700A3155B /* ASVideoModel.swift in Sources */,
			);
			runOnlyForDeploymentPostprocessing = 0;
		};
/* End PBXSourcesBuildPhase section */

/* Begin PBXVariantGroup section */
		8CB356AA1CA905BA0070BE40 /* Main.storyboard */ = {
			isa = PBXVariantGroup;
			children = (
				8CB356AB1CA905BA0070BE40 /* Base */,
			);
			name = Main.storyboard;
			path = ..;
			sourceTree = "<group>";
		};
		8CB356AF1CA905BA0070BE40 /* LaunchScreen.storyboard */ = {
			isa = PBXVariantGroup;
			children = (
				8CB356B01CA905BA0070BE40 /* Base */,
			);
			name = LaunchScreen.storyboard;
			sourceTree = "<group>";
		};
/* End PBXVariantGroup section */

/* Begin XCBuildConfiguration section */
		8CB356B31CA905BA0070BE40 /* Debug */ = {
			isa = XCBuildConfiguration;
			buildSettings = {
				ALWAYS_SEARCH_USER_PATHS = NO;
				CLANG_ANALYZER_NONNULL = YES;
				CLANG_CXX_LANGUAGE_STANDARD = "gnu++0x";
				CLANG_CXX_LIBRARY = "libc++";
				CLANG_ENABLE_MODULES = YES;
				CLANG_ENABLE_OBJC_ARC = YES;
				CLANG_WARN_BOOL_CONVERSION = YES;
				CLANG_WARN_CONSTANT_CONVERSION = YES;
				CLANG_WARN_DIRECT_OBJC_ISA_USAGE = YES_ERROR;
				CLANG_WARN_EMPTY_BODY = YES;
				CLANG_WARN_ENUM_CONVERSION = YES;
				CLANG_WARN_INT_CONVERSION = YES;
				CLANG_WARN_OBJC_ROOT_CLASS = YES_ERROR;
				CLANG_WARN_UNREACHABLE_CODE = YES;
				CLANG_WARN__DUPLICATE_METHOD_MATCH = YES;
				"CODE_SIGN_IDENTITY[sdk=iphoneos*]" = "iPhone Developer";
				COPY_PHASE_STRIP = NO;
				DEBUG_INFORMATION_FORMAT = dwarf;
				ENABLE_STRICT_OBJC_MSGSEND = YES;
				ENABLE_TESTABILITY = YES;
				GCC_C_LANGUAGE_STANDARD = gnu99;
				GCC_DYNAMIC_NO_PIC = NO;
				GCC_NO_COMMON_BLOCKS = YES;
				GCC_OPTIMIZATION_LEVEL = 0;
				GCC_PREPROCESSOR_DEFINITIONS = (
					"DEBUG=1",
					"$(inherited)",
				);
				GCC_WARN_64_TO_32_BIT_CONVERSION = YES;
				GCC_WARN_ABOUT_RETURN_TYPE = YES_ERROR;
				GCC_WARN_UNDECLARED_SELECTOR = YES;
				GCC_WARN_UNINITIALIZED_AUTOS = YES_AGGRESSIVE;
				GCC_WARN_UNUSED_FUNCTION = YES;
				GCC_WARN_UNUSED_VARIABLE = YES;
				IPHONEOS_DEPLOYMENT_TARGET = 9.3;
				MTL_ENABLE_DEBUG_INFO = YES;
				ONLY_ACTIVE_ARCH = YES;
				SDKROOT = iphoneos;
				SWIFT_OPTIMIZATION_LEVEL = "-Onone";
				TARGETED_DEVICE_FAMILY = "1,2";
			};
			name = Debug;
		};
		8CB356B41CA905BA0070BE40 /* Release */ = {
			isa = XCBuildConfiguration;
			buildSettings = {
				ALWAYS_SEARCH_USER_PATHS = NO;
				CLANG_ANALYZER_NONNULL = YES;
				CLANG_CXX_LANGUAGE_STANDARD = "gnu++0x";
				CLANG_CXX_LIBRARY = "libc++";
				CLANG_ENABLE_MODULES = YES;
				CLANG_ENABLE_OBJC_ARC = YES;
				CLANG_WARN_BOOL_CONVERSION = YES;
				CLANG_WARN_CONSTANT_CONVERSION = YES;
				CLANG_WARN_DIRECT_OBJC_ISA_USAGE = YES_ERROR;
				CLANG_WARN_EMPTY_BODY = YES;
				CLANG_WARN_ENUM_CONVERSION = YES;
				CLANG_WARN_INT_CONVERSION = YES;
				CLANG_WARN_OBJC_ROOT_CLASS = YES_ERROR;
				CLANG_WARN_UNREACHABLE_CODE = YES;
				CLANG_WARN__DUPLICATE_METHOD_MATCH = YES;
				"CODE_SIGN_IDENTITY[sdk=iphoneos*]" = "iPhone Developer";
				COPY_PHASE_STRIP = NO;
				DEBUG_INFORMATION_FORMAT = "dwarf-with-dsym";
				ENABLE_NS_ASSERTIONS = NO;
				ENABLE_STRICT_OBJC_MSGSEND = YES;
				GCC_C_LANGUAGE_STANDARD = gnu99;
				GCC_NO_COMMON_BLOCKS = YES;
				GCC_WARN_64_TO_32_BIT_CONVERSION = YES;
				GCC_WARN_ABOUT_RETURN_TYPE = YES_ERROR;
				GCC_WARN_UNDECLARED_SELECTOR = YES;
				GCC_WARN_UNINITIALIZED_AUTOS = YES_AGGRESSIVE;
				GCC_WARN_UNUSED_FUNCTION = YES;
				GCC_WARN_UNUSED_VARIABLE = YES;
				IPHONEOS_DEPLOYMENT_TARGET = 9.3;
				MTL_ENABLE_DEBUG_INFO = NO;
				SDKROOT = iphoneos;
				TARGETED_DEVICE_FAMILY = "1,2";
				VALIDATE_PRODUCT = YES;
			};
			name = Release;
		};
		8CB356B61CA905BA0070BE40 /* Debug */ = {
			isa = XCBuildConfiguration;
			baseConfigurationReference = 021689F21EBB6C393EB45DA5 /* Pods-BaiSiApp.debug.xcconfig */;
			buildSettings = {
				ASSETCATALOG_COMPILER_APPICON_NAME = AppIcon;
				ASSETCATALOG_COMPILER_LAUNCHIMAGE_NAME = LaunchImage;
				DEVELOPMENT_TEAM = 353VG9J352;
				INFOPLIST_FILE = BaiSiApp/Info.plist;
				IPHONEOS_DEPLOYMENT_TARGET = 8.0;
				LD_RUNPATH_SEARCH_PATHS = "$(inherited) @executable_path/Frameworks";
				PRODUCT_BUNDLE_IDENTIFIER = com.ashen.baisiapp;
				PRODUCT_NAME = "$(TARGET_NAME)";
				SWIFT_VERSION = 2.3;
			};
			name = Debug;
		};
		8CB356B71CA905BA0070BE40 /* Release */ = {
			isa = XCBuildConfiguration;
			baseConfigurationReference = B8FBB09ED213DE8A3DCFA442 /* Pods-BaiSiApp.release.xcconfig */;
			buildSettings = {
				ASSETCATALOG_COMPILER_APPICON_NAME = AppIcon;
				ASSETCATALOG_COMPILER_LAUNCHIMAGE_NAME = LaunchImage;
				DEVELOPMENT_TEAM = 353VG9J352;
				INFOPLIST_FILE = BaiSiApp/Info.plist;
				IPHONEOS_DEPLOYMENT_TARGET = 8.0;
				LD_RUNPATH_SEARCH_PATHS = "$(inherited) @executable_path/Frameworks";
				PRODUCT_BUNDLE_IDENTIFIER = com.ashen.baisiapp;
				PRODUCT_NAME = "$(TARGET_NAME)";
				SWIFT_VERSION = 2.3;
			};
			name = Release;
		};
/* End XCBuildConfiguration section */

/* Begin XCConfigurationList section */
		8CB3569E1CA905BA0070BE40 /* Build configuration list for PBXProject "BaiSiApp" */ = {
			isa = XCConfigurationList;
			buildConfigurations = (
				8CB356B31CA905BA0070BE40 /* Debug */,
				8CB356B41CA905BA0070BE40 /* Release */,
			);
			defaultConfigurationIsVisible = 0;
			defaultConfigurationName = Release;
		};
		8CB356B51CA905BA0070BE40 /* Build configuration list for PBXNativeTarget "BaiSiApp" */ = {
			isa = XCConfigurationList;
			buildConfigurations = (
				8CB356B61CA905BA0070BE40 /* Debug */,
				8CB356B71CA905BA0070BE40 /* Release */,
			);
			defaultConfigurationIsVisible = 0;
			defaultConfigurationName = Release;
		};
/* End XCConfigurationList section */
	};
	rootObject = 8CB3569B1CA905BA0070BE40 /* Project object */;
}
